{
  "name": "ui",
  "version": "0.0.0",
  "lockfileVersion": 2,
  "requires": true,
  "packages": {
    "": {
      "name": "ui",
      "version": "0.0.0",
      "license": "MIT",
      "devDependencies": {
        "@types/react": "^18.2.0",
        "@types/react-dom": "^18.2.0",
        "class-variance-authority": "^0.7.0",
        "eslint": "^7.32.0",
        "react": "^18.2.0",
        "typescript": "^4.5.2"
      }
    },
    "../../node_modules/.pnpm/@types+react-dom@18.2.3/node_modules/@types/react-dom": {
      "version": "18.2.3",
      "dev": true,
      "license": "MIT",
      "dependencies": {
        "@types/react": "*"
      }
    },
    "../../node_modules/.pnpm/@types+react@18.2.5/node_modules/@types/react": {
      "version": "18.2.5",
      "dev": true,
      "license": "MIT",
      "dependencies": {
        "@types/prop-types": "*",
        "@types/scheduler": "*",
        "csstype": "^3.0.2"
      }
    },
    "../../node_modules/.pnpm/classnames@2.3.2/node_modules/classnames": {
      "version": "2.3.2",
      "extraneous": true,
      "license": "MIT",
      "devDependencies": {
        "benchmark": "^2.1.4",
        "browserify": "^17.0.0",
        "dtslint": "^4.0.9",
        "mocha": "^10.0.0"
      }
    },
    "../../node_modules/.pnpm/eslint-config-next@13.4.1_eslint@7.32.0_typescript@4.9.5/node_modules/eslint-config-next": {
      "version": "13.4.1",
      "extraneous": true,
      "license": "MIT",
      "dependencies": {
        "@next/eslint-plugin-next": "13.4.1",
        "@rushstack/eslint-patch": "^1.1.3",
        "@typescript-eslint/parser": "^5.42.0",
        "eslint-import-resolver-node": "^0.3.6",
        "eslint-import-resolver-typescript": "^3.5.2",
        "eslint-plugin-import": "^2.26.0",
        "eslint-plugin-jsx-a11y": "^6.5.1",
        "eslint-plugin-react": "^7.31.7",
        "eslint-plugin-react-hooks": "^4.5.0"
      },
      "peerDependencies": {
        "eslint": "^7.23.0 || ^8.0.0",
        "typescript": ">=3.3.1"
      },
      "peerDependenciesMeta": {
        "typescript": {
          "optional": true
        }
      }
    },
    "../../node_modules/.pnpm/eslint-config-prettier@8.8.0_eslint@7.32.0/node_modules/eslint-config-prettier": {
      "version": "8.8.0",
      "extraneous": true,
      "license": "MIT",
      "bin": {
        "eslint-config-prettier": "bin/cli.js"
      },
      "peerDependencies": {
        "eslint": ">=7.0.0"
      }
    },
    "../../node_modules/.pnpm/eslint-config-turbo@1.9.3_eslint@7.32.0/node_modules/eslint-config-turbo": {
      "version": "1.9.3",
      "extraneous": true,
      "license": "MPL-2.0",
      "dependencies": {
        "eslint-plugin-turbo": "1.9.3"
      },
      "devDependencies": {
        "@types/eslint": "^8.4.5"
      },
      "peerDependencies": {
        "eslint": ">6.6.0"
      }
    },
    "../../node_modules/.pnpm/eslint-plugin-react@7.28.0_eslint@7.32.0/node_modules/eslint-plugin-react": {
      "version": "7.28.0",
      "extraneous": true,
      "license": "MIT",
      "dependencies": {
        "array-includes": "^3.1.4",
        "array.prototype.flatmap": "^1.2.5",
        "doctrine": "^2.1.0",
        "estraverse": "^5.3.0",
        "jsx-ast-utils": "^2.4.1 || ^3.0.0",
        "minimatch": "^3.0.4",
        "object.entries": "^1.1.5",
        "object.fromentries": "^2.0.5",
        "object.hasown": "^1.1.0",
        "object.values": "^1.1.5",
        "prop-types": "^15.7.2",
        "resolve": "^2.0.0-next.3",
        "semver": "^6.3.0",
        "string.prototype.matchall": "^4.0.6"
      },
      "devDependencies": {
        "@babel/core": "^7.16.0",
        "@babel/eslint-parser": "^7.16.3",
        "@babel/plugin-syntax-decorators": "^7.16.0",
        "@babel/plugin-syntax-do-expressions": "^7.16.0",
        "@babel/plugin-syntax-function-bind": "^7.16.0",
        "@babel/preset-react": "^7.16.0",
        "@types/eslint": "=7.2.10",
        "@types/estree": "^0.0.50",
        "@types/node": "^16.11.7",
        "@typescript-eslint/parser": "^2.34.0 || ^3.10.1 || ^4.0.0 || ^5.0.0",
        "aud": "^1.1.5",
        "babel-eslint": "^8 || ^9 || ^10.1.0",
        "eslint": "^3 || ^4 || ^5 || ^6 || ^7 || ^8",
        "eslint-config-airbnb-base": "^15.0.0",
        "eslint-plugin-eslint-plugin": "^2.3.0 || ^3.5.3 || ^4.0.1",
        "eslint-plugin-import": "^2.25.3",
        "eslint-remote-tester": "^2.0.1",
        "eslint-remote-tester-repositories": "^0.0.3",
        "eslint-scope": "^3.7.3",
        "espree": "^3.5.4",
        "istanbul": "^0.4.5",
        "ls-engines": "^0.6.1",
        "markdown-magic": "^2.5.2",
        "mocha": "^5.2.0",
        "sinon": "^7.5.0",
        "typescript": "^3.9.9",
        "typescript-eslint-parser": "^20.1.1"
      },
      "engines": {
        "node": ">=4"
      },
      "peerDependencies": {
        "eslint": "^3 || ^4 || ^5 || ^6 || ^7 || ^8"
      }
    },
    "../../node_modules/.pnpm/eslint@7.32.0/node_modules/eslint": {
      "version": "7.32.0",
      "dev": true,
      "license": "MIT",
      "dependencies": {
        "@babel/code-frame": "7.12.11",
        "@eslint/eslintrc": "^0.4.3",
        "@humanwhocodes/config-array": "^0.5.0",
        "ajv": "^6.10.0",
        "chalk": "^4.0.0",
        "cross-spawn": "^7.0.2",
        "debug": "^4.0.1",
        "doctrine": "^3.0.0",
        "enquirer": "^2.3.5",
        "escape-string-regexp": "^4.0.0",
        "eslint-scope": "^5.1.1",
        "eslint-utils": "^2.1.0",
        "eslint-visitor-keys": "^2.0.0",
        "espree": "^7.3.1",
        "esquery": "^1.4.0",
        "esutils": "^2.0.2",
        "fast-deep-equal": "^3.1.3",
        "file-entry-cache": "^6.0.1",
        "functional-red-black-tree": "^1.0.1",
        "glob-parent": "^5.1.2",
        "globals": "^13.6.0",
        "ignore": "^4.0.6",
        "import-fresh": "^3.0.0",
        "imurmurhash": "^0.1.4",
        "is-glob": "^4.0.0",
        "js-yaml": "^3.13.1",
        "json-stable-stringify-without-jsonify": "^1.0.1",
        "levn": "^0.4.1",
        "lodash.merge": "^4.6.2",
        "minimatch": "^3.0.4",
        "natural-compare": "^1.4.0",
        "optionator": "^0.9.1",
        "progress": "^2.0.0",
        "regexpp": "^3.1.0",
        "semver": "^7.2.1",
        "strip-ansi": "^6.0.0",
        "strip-json-comments": "^3.1.0",
        "table": "^6.0.9",
        "text-table": "^0.2.0",
        "v8-compile-cache": "^2.0.3"
      },
      "bin": {
        "eslint": "bin/eslint.js"
      },
      "devDependencies": {
        "@babel/core": "^7.4.3",
        "@babel/preset-env": "^7.4.3",
        "babel-loader": "^8.0.5",
        "chai": "^4.0.1",
        "cheerio": "^0.22.0",
        "common-tags": "^1.8.0",
        "core-js": "^3.1.3",
        "dateformat": "^3.0.3",
        "ejs": "^3.0.2",
        "eslint": "file:.",
        "eslint-config-eslint": "file:packages/eslint-config-eslint",
        "eslint-plugin-eslint-plugin": "^3.5.3",
        "eslint-plugin-internal-rules": "file:tools/internal-rules",
        "eslint-plugin-jsdoc": "^25.4.3",
        "eslint-plugin-node": "^11.1.0",
        "eslint-release": "^2.0.0",
        "eslump": "^3.0.0",
        "esprima": "^4.0.1",
        "fs-teardown": "0.1.1",
        "glob": "^7.1.6",
        "jsdoc": "^3.5.5",
        "karma": "^6.1.1",
        "karma-chrome-launcher": "^3.1.0",
        "karma-mocha": "^2.0.1",
        "karma-mocha-reporter": "^2.2.5",
        "karma-webpack": "^5.0.0",
        "lint-staged": "^10.1.2",
        "load-perf": "^0.2.0",
        "markdownlint": "^0.19.0",
        "markdownlint-cli": "^0.22.0",
        "memfs": "^3.0.1",
        "mocha": "^8.3.2",
        "mocha-junit-reporter": "^2.0.0",
        "node-polyfill-webpack-plugin": "^1.0.3",
        "npm-license": "^0.3.3",
        "nyc": "^15.0.1",
        "proxyquire": "^2.0.1",
        "puppeteer": "^7.1.0",
        "recast": "^0.19.0",
        "regenerator-runtime": "^0.13.2",
        "shelljs": "^0.8.2",
        "sinon": "^9.0.1",
        "temp": "^0.9.0",
        "webpack": "^5.23.0",
        "webpack-cli": "^4.5.0",
        "yorkie": "^2.0.0"
      },
      "engines": {
        "node": "^10.12.0 || >=12.0.0"
      },
      "funding": {
        "url": "https://opencollective.com/eslint"
      }
    },
    "../../node_modules/.pnpm/typescript@4.9.5/node_modules/typescript": {
      "version": "4.9.5",
      "dev": true,
      "license": "Apache-2.0",
      "bin": {
        "tsc": "bin/tsc",
        "tsserver": "bin/tsserver"
      },
      "devDependencies": {
        "@octokit/rest": "latest",
        "@types/chai": "latest",
        "@types/fancy-log": "^2.0.0",
        "@types/fs-extra": "^9.0.13",
        "@types/glob": "latest",
        "@types/gulp": "^4.0.9",
        "@types/gulp-concat": "latest",
        "@types/gulp-newer": "latest",
        "@types/gulp-rename": "latest",
        "@types/gulp-sourcemaps": "latest",
        "@types/merge2": "latest",
        "@types/microsoft__typescript-etw": "latest",
        "@types/minimist": "latest",
        "@types/mkdirp": "latest",
        "@types/mocha": "latest",
        "@types/ms": "latest",
        "@types/node": "latest",
        "@types/source-map-support": "latest",
        "@types/which": "^2.0.1",
        "@types/xml2js": "^0.4.11",
        "@typescript-eslint/eslint-plugin": "^5.33.1",
        "@typescript-eslint/parser": "^5.33.1",
        "@typescript-eslint/utils": "^5.33.1",
        "azure-devops-node-api": "^11.2.0",
        "chai": "latest",
        "chalk": "^4.1.2",
        "del": "^6.1.1",
        "diff": "^5.1.0",
        "eslint": "^8.22.0",
        "eslint-formatter-autolinkable-stylish": "^1.2.0",
        "eslint-plugin-import": "^2.26.0",
        "eslint-plugin-jsdoc": "^39.3.6",
        "eslint-plugin-local": "^1.0.0",
        "eslint-plugin-no-null": "^1.0.2",
        "fancy-log": "latest",
        "fs-extra": "^9.1.0",
        "glob": "latest",
        "gulp": "^4.0.2",
        "gulp-concat": "latest",
        "gulp-insert": "latest",
        "gulp-newer": "latest",
        "gulp-rename": "latest",
        "gulp-sourcemaps": "latest",
        "merge2": "latest",
        "minimist": "latest",
        "mkdirp": "latest",
        "mocha": "latest",
        "mocha-fivemat-progress-reporter": "latest",
        "ms": "^2.1.3",
        "node-fetch": "^3.2.10",
        "source-map-support": "latest",
        "typescript": "^4.8.4",
        "vinyl": "latest",
        "which": "^2.0.2",
        "xml2js": "^0.4.23"
      },
      "engines": {
        "node": ">=4.2.0"
      }
    },
    "../eslint-config-custom": {
      "version": "0.0.0",
      "extraneous": true,
      "license": "MIT",
      "dependencies": {
        "eslint-config-next": "^13.4.1",
        "eslint-config-prettier": "^8.3.0",
        "eslint-config-turbo": "^1.9.3",
        "eslint-plugin-react": "7.28.0"
      }
    },
    "../tsconfig": {
      "version": "0.0.0",
      "extraneous": true,
      "license": "MIT"
    },
    "node_modules/@types/react": {
      "resolved": "../../node_modules/.pnpm/@types+react@18.2.5/node_modules/@types/react",
      "link": true
    },
    "node_modules/@types/react-dom": {
      "resolved": "../../node_modules/.pnpm/@types+react-dom@18.2.3/node_modules/@types/react-dom",
      "link": true
    },
    "node_modules/class-variance-authority": {
      "version": "0.7.0",
      "resolved": "https://registry.npmjs.org/class-variance-authority/-/class-variance-authority-0.7.0.tgz",
      "integrity": "sha512-jFI8IQw4hczaL4ALINxqLEXQbWcNjoSkloa4IaufXCJr6QawJyw7tuRysRsrE8w2p/4gGaxKIt/hX3qz/IbD1A==",
      "dev": true,
      "dependencies": {
        "clsx": "2.0.0"
      },
      "funding": {
        "url": "https://joebell.co.uk"
      }
    },
    "node_modules/clsx": {
      "version": "2.0.0",
      "resolved": "https://registry.npmjs.org/clsx/-/clsx-2.0.0.tgz",
      "integrity": "sha512-rQ1+kcj+ttHG0MKVGBUXwayCCF1oh39BF5COIpRzuCEv8Mwjv0XucrI2ExNTOn9IlLifGClWQcU9BrZORvtw6Q==",
      "dev": true,
      "engines": {
        "node": ">=6"
      }
    },
    "node_modules/eslint": {
      "resolved": "../../node_modules/.pnpm/eslint@7.32.0/node_modules/eslint",
      "link": true
    },
    "node_modules/js-tokens": {
      "version": "4.0.0",
      "resolved": "https://registry.npmjs.org/js-tokens/-/js-tokens-4.0.0.tgz",
      "integrity": "sha512-RdJUflcE3cUzKiMqQgsCu06FPu9UdIJO0beYbPhHN4k6apgJtifcoCtT9bcxOpYBtpD2kCM6Sbzg4CausW/PKQ==",
      "dev": true
    },
    "node_modules/loose-envify": {
      "version": "1.4.0",
      "resolved": "https://registry.npmjs.org/loose-envify/-/loose-envify-1.4.0.tgz",
      "integrity": "sha512-lyuxPGr/Wfhrlem2CL/UcnUc1zcqKAImBDzukY7Y5F/yQiNdko6+fRLevlw1HgMySw7f611UIY408EtxRSoK3Q==",
      "dev": true,
      "dependencies": {
        "js-tokens": "^3.0.0 || ^4.0.0"
      },
      "bin": {
        "loose-envify": "cli.js"
      }
    },
    "node_modules/react": {
      "version": "18.2.0",
      "resolved": "https://registry.npmjs.org/react/-/react-18.2.0.tgz",
      "integrity": "sha512-/3IjMdb2L9QbBdWiW5e3P2/npwMBaU9mHCSCUzNln0ZCYbcfTsGbTJrU/kGemdH2IWmB2ioZ+zkxtmq6g09fGQ==",
      "dev": true,
      "dependencies": {
        "loose-envify": "^1.1.0"
      },
      "engines": {
        "node": ">=0.10.0"
      }
    },
    "node_modules/typescript": {
      "resolved": "../../node_modules/.pnpm/typescript@4.9.5/node_modules/typescript",
      "link": true
    }
  },
  "dependencies": {
    "@types/react": {
      "version": "file:../../node_modules/.pnpm/@types+react@18.2.5/node_modules/@types/react",
      "requires": {
        "@types/prop-types": "*",
        "@types/scheduler": "*",
        "csstype": "^3.0.2"
      }
    },
    "@types/react-dom": {
      "version": "file:../../node_modules/.pnpm/@types+react-dom@18.2.3/node_modules/@types/react-dom",
      "requires": {
        "@types/react": "*"
      }
    },
    "class-variance-authority": {
      "version": "0.7.0",
      "resolved": "https://registry.npmjs.org/class-variance-authority/-/class-variance-authority-0.7.0.tgz",
      "integrity": "sha512-jFI8IQw4hczaL4ALINxqLEXQbWcNjoSkloa4IaufXCJr6QawJyw7tuRysRsrE8w2p/4gGaxKIt/hX3qz/IbD1A==",
      "dev": true,
      "requires": {
        "clsx": "2.0.0"
      }
    },
    "clsx": {
      "version": "2.0.0",
      "resolved": "https://registry.npmjs.org/clsx/-/clsx-2.0.0.tgz",
      "integrity": "sha512-rQ1+kcj+ttHG0MKVGBUXwayCCF1oh39BF5COIpRzuCEv8Mwjv0XucrI2ExNTOn9IlLifGClWQcU9BrZORvtw6Q==",
      "dev": true
    },
    "eslint": {
      "version": "file:../../node_modules/.pnpm/eslint@7.32.0/node_modules/eslint",
      "requires": {
        "@babel/code-frame": "7.12.11",
        "@babel/core": "^7.4.3",
        "@babel/preset-env": "^7.4.3",
        "@eslint/eslintrc": "^0.4.3",
        "@humanwhocodes/config-array": "^0.5.0",
        "ajv": "^6.10.0",
        "babel-loader": "^8.0.5",
        "chai": "^4.0.1",
        "chalk": "^4.0.0",
        "cheerio": "^0.22.0",
        "common-tags": "^1.8.0",
        "core-js": "^3.1.3",
        "cross-spawn": "^7.0.2",
        "dateformat": "^3.0.3",
        "debug": "^4.0.1",
        "doctrine": "^3.0.0",
        "ejs": "^3.0.2",
        "enquirer": "^2.3.5",
        "escape-string-regexp": "^4.0.0",
        "eslint": "file:",
        "eslint-config-eslint": "file:packages/eslint-config-eslint",
        "eslint-plugin-eslint-plugin": "^3.5.3",
        "eslint-plugin-internal-rules": "file:tools/internal-rules",
        "eslint-plugin-jsdoc": "^25.4.3",
        "eslint-plugin-node": "^11.1.0",
        "eslint-release": "^2.0.0",
        "eslint-scope": "^5.1.1",
        "eslint-utils": "^2.1.0",
        "eslint-visitor-keys": "^2.0.0",
        "eslump": "^3.0.0",
        "espree": "^7.3.1",
        "esprima": "^4.0.1",
        "esquery": "^1.4.0",
        "esutils": "^2.0.2",
        "fast-deep-equal": "^3.1.3",
        "file-entry-cache": "^6.0.1",
        "fs-teardown": "0.1.1",
        "functional-red-black-tree": "^1.0.1",
        "glob": "^7.1.6",
        "glob-parent": "^5.1.2",
        "globals": "^13.6.0",
        "ignore": "^4.0.6",
        "import-fresh": "^3.0.0",
        "imurmurhash": "^0.1.4",
        "is-glob": "^4.0.0",
        "js-yaml": "^3.13.1",
        "jsdoc": "^3.5.5",
        "json-stable-stringify-without-jsonify": "^1.0.1",
        "karma": "^6.1.1",
        "karma-chrome-launcher": "^3.1.0",
        "karma-mocha": "^2.0.1",
        "karma-mocha-reporter": "^2.2.5",
        "karma-webpack": "^5.0.0",
        "levn": "^0.4.1",
        "lint-staged": "^10.1.2",
        "load-perf": "^0.2.0",
        "lodash.merge": "^4.6.2",
        "markdownlint": "^0.19.0",
        "markdownlint-cli": "^0.22.0",
        "memfs": "^3.0.1",
        "minimatch": "^3.0.4",
        "mocha": "^8.3.2",
        "mocha-junit-reporter": "^2.0.0",
        "natural-compare": "^1.4.0",
        "node-polyfill-webpack-plugin": "^1.0.3",
        "npm-license": "^0.3.3",
        "nyc": "^15.0.1",
        "optionator": "^0.9.1",
        "progress": "^2.0.0",
        "proxyquire": "^2.0.1",
        "puppeteer": "^7.1.0",
        "recast": "^0.19.0",
        "regenerator-runtime": "^0.13.2",
        "regexpp": "^3.1.0",
        "semver": "^7.2.1",
        "shelljs": "^0.8.2",
        "sinon": "^9.0.1",
        "strip-ansi": "^6.0.0",
        "strip-json-comments": "^3.1.0",
        "table": "^6.0.9",
        "temp": "^0.9.0",
        "text-table": "^0.2.0",
        "v8-compile-cache": "^2.0.3",
        "webpack": "^5.23.0",
        "webpack-cli": "^4.5.0",
        "yorkie": "^2.0.0"
      }
    },
    "js-tokens": {
      "version": "4.0.0",
      "resolved": "https://registry.npmjs.org/js-tokens/-/js-tokens-4.0.0.tgz",
      "integrity": "sha512-RdJUflcE3cUzKiMqQgsCu06FPu9UdIJO0beYbPhHN4k6apgJtifcoCtT9bcxOpYBtpD2kCM6Sbzg4CausW/PKQ==",
      "dev": true
    },
    "loose-envify": {
      "version": "1.4.0",
      "resolved": "https://registry.npmjs.org/loose-envify/-/loose-envify-1.4.0.tgz",
      "integrity": "sha512-lyuxPGr/Wfhrlem2CL/UcnUc1zcqKAImBDzukY7Y5F/yQiNdko6+fRLevlw1HgMySw7f611UIY408EtxRSoK3Q==",
      "dev": true,
      "requires": {
        "js-tokens": "^3.0.0 || ^4.0.0"
      }
    },
    "react": {
      "version": "18.2.0",
      "resolved": "https://registry.npmjs.org/react/-/react-18.2.0.tgz",
      "integrity": "sha512-/3IjMdb2L9QbBdWiW5e3P2/npwMBaU9mHCSCUzNln0ZCYbcfTsGbTJrU/kGemdH2IWmB2ioZ+zkxtmq6g09fGQ==",
      "dev": true,
      "requires": {
        "loose-envify": "^1.1.0"
      }
    },
    "typescript": {
      "version": "file:../../node_modules/.pnpm/typescript@4.9.5/node_modules/typescript",
      "requires": {
        "@octokit/rest": "latest",
        "@types/chai": "latest",
        "@types/fancy-log": "^2.0.0",
        "@types/fs-extra": "^9.0.13",
        "@types/glob": "latest",
        "@types/gulp": "^4.0.9",
        "@types/gulp-concat": "latest",
        "@types/gulp-newer": "latest",
        "@types/gulp-rename": "latest",
        "@types/gulp-sourcemaps": "latest",
        "@types/merge2": "latest",
        "@types/microsoft__typescript-etw": "latest",
        "@types/minimist": "latest",
        "@types/mkdirp": "latest",
        "@types/mocha": "latest",
        "@types/ms": "latest",
        "@types/node": "latest",
        "@types/source-map-support": "latest",
        "@types/which": "^2.0.1",
        "@types/xml2js": "^0.4.11",
        "@typescript-eslint/eslint-plugin": "^5.33.1",
        "@typescript-eslint/parser": "^5.33.1",
        "@typescript-eslint/utils": "^5.33.1",
        "azure-devops-node-api": "^11.2.0",
        "chai": "latest",
        "chalk": "^4.1.2",
        "del": "^6.1.1",
        "diff": "^5.1.0",
        "eslint": "^8.22.0",
        "eslint-formatter-autolinkable-stylish": "^1.2.0",
        "eslint-plugin-import": "^2.26.0",
        "eslint-plugin-jsdoc": "^39.3.6",
        "eslint-plugin-local": "^1.0.0",
        "eslint-plugin-no-null": "^1.0.2",
        "fancy-log": "latest",
        "fs-extra": "^9.1.0",
        "glob": "latest",
        "gulp": "^4.0.2",
        "gulp-concat": "latest",
        "gulp-insert": "latest",
        "gulp-newer": "latest",
        "gulp-rename": "latest",
        "gulp-sourcemaps": "latest",
        "merge2": "latest",
        "minimist": "latest",
        "mkdirp": "latest",
        "mocha": "latest",
        "mocha-fivemat-progress-reporter": "latest",
        "ms": "^2.1.3",
        "node-fetch": "^3.2.10",
        "source-map-support": "latest",
        "typescript": "^4.8.4",
        "vinyl": "latest",
        "which": "^2.0.2",
        "xml2js": "^0.4.23"
      }
    }
  }
}
